
Microsoft Visual Studio Solution File, Format Version 12.00
# Visual Studio 2012
Project("{FAE04EC0-301F-11D3-BF4B-00C04F79EFBC}") = "EditableDataGridMVVM", "EditableDataGridMVVM\EditableDataGridMVVM.csproj", "{B97A0E8F-24AD-4060-BB0D-6F9F586EA883}"
EndProject
Global
	GlobalSection(SolutionConfigurationPlatforms) = preSolution
		Debug|Any CPU = Debug|Any CPU
		Release|Any CPU = Release|Any CPU
	EndGlobalSection
	GlobalSection(ProjectConfigurationPlatforms) = postSolution
		{B97A0E8F-24AD-4060-BB0D-6F9F586EA883}.Debug|Any CPU.ActiveCfg = Debug|Any CPU
		{B97A0E8F-24AD-4060-BB0D-6F9F586EA883}.Debug|Any CPU.Build.0 = Debug|Any CPU
		{B97A0E8F-24AD-4060-BB0D-6F9F586EA883}.Release|Any CPU.ActiveCfg = Release|Any CPU
		{B97A0E8F-24AD-4060-BB0D-6F9F586EA883}.Release|Any CPU.Build.0 = Release|Any CPU
	EndGlobalSection
	GlobalSection(SolutionProperties) = preSolution
		HideSolutionNode = FALSE
	EndGlobalSection
	GlobalSection(ExtensibilityGlobals) = postSolution
		EnterpriseLibraryConfigurationToolBinariesPath = packages\Unity.2.1.505.2\lib\NET35
	EndGlobalSection
EndGlobal
